
Microsoft Visual Studio Solution File, Format Version 12.00
# Visual Studio Version 16
VisualStudioVersion = 16.0.29519.181
MinimumVisualStudioVersion = 10.0.40219.1
Project("{9A19103F-16F7-4668-BE54-9A1E7A4F7556}") = "GrpcService1", "GrpcService1.csproj", "{82AF627B-CF2D-490D-A867-187DC1A0C8EA}"
EndProject
Project("{9A19103F-16F7-4668-BE54-9A1E7A4F7556}") = "grpcclient", "..\grpcclient\grpcclient.csproj", "{98D282C4-A633-48A8-96B5-836118487C3A}"
EndProject
Project("{9A19103F-16F7-4668-BE54-9A1E7A4F7556}") = "Grpc.Net.Client.Web", "..\Grpc.Net.Client.Web\Grpc.Net.Client.Web.csproj", "{254881D9-EDCB-4230-BB94-4FED7556DD3F}"
EndProject
Project("{9A19103F-16F7-4668-BE54-9A1E7A4F7556}") = "Grpc.Net.Client", "..\Grpc.Net.Client\Grpc.Net.Client.csproj", "{DA3E0292-C76D-4B2D-9B44-1B1DC60F31BF}"
EndProject
Global
	GlobalSection(SolutionConfigurationPlatforms) = preSolution
		Debug|Any CPU = Debug|Any CPU
		Release|Any CPU = Release|Any CPU
	EndGlobalSection
	GlobalSection(ProjectConfigurationPlatforms) = postSolution
		{82AF627B-CF2D-490D-A867-187DC1A0C8EA}.Debug|Any CPU.ActiveCfg = Debug|Any CPU
		{82AF627B-CF2D-490D-A867-187DC1A0C8EA}.Debug|Any CPU.Build.0 = Debug|Any CPU
		{82AF627B-CF2D-490D-A867-187DC1A0C8EA}.Release|Any CPU.ActiveCfg = Release|Any CPU
		{82AF627B-CF2D-490D-A867-187DC1A0C8EA}.Release|Any CPU.Build.0 = Release|Any CPU
		{98D282C4-A633-48A8-96B5-836118487C3A}.Debug|Any CPU.ActiveCfg = Debug|Any CPU
		{98D282C4-A633-48A8-96B5-836118487C3A}.Debug|Any CPU.Build.0 = Debug|Any CPU
		{98D282C4-A633-48A8-96B5-836118487C3A}.Release|Any CPU.ActiveCfg = Release|Any CPU
		{98D282C4-A633-48A8-96B5-836118487C3A}.Release|Any CPU.Build.0 = Release|Any CPU
		{254881D9-EDCB-4230-BB94-4FED7556DD3F}.Debug|Any CPU.ActiveCfg = Debug|Any CPU
		{254881D9-EDCB-4230-BB94-4FED7556DD3F}.Debug|Any CPU.Build.0 = Debug|Any CPU
		{254881D9-EDCB-4230-BB94-4FED7556DD3F}.Release|Any CPU.ActiveCfg = Release|Any CPU
		{254881D9-EDCB-4230-BB94-4FED7556DD3F}.Release|Any CPU.Build.0 = Release|Any CPU
		{DA3E0292-C76D-4B2D-9B44-1B1DC60F31BF}.Debug|Any CPU.ActiveCfg = Debug|Any CPU
		{DA3E0292-C76D-4B2D-9B44-1B1DC60F31BF}.Debug|Any CPU.Build.0 = Debug|Any CPU
		{DA3E0292-C76D-4B2D-9B44-1B1DC60F31BF}.Release|Any CPU.ActiveCfg = Release|Any CPU
		{DA3E0292-C76D-4B2D-9B44-1B1DC60F31BF}.Release|Any CPU.Build.0 = Release|Any CPU
	EndGlobalSection
	GlobalSection(SolutionProperties) = preSolution
		HideSolutionNode = FALSE
	EndGlobalSection
	GlobalSection(ExtensibilityGlobals) = postSolution
		SolutionGuid = {0A226459-746A-46D7-A6B4-DC1B1B5CDAA7}
	EndGlobalSection
EndGlobal
